// !$*UTF8*$!
{
	archiveVersion = 1;
	classes = {
	};
	objectVersion = 46;
	objects = {

/* Begin PBXBuildFile section */
		54590072E76D7813173F1A19 /* MetalBallsShootCollideTests.m in Sources */ = {isa = PBXBuildFile; fileRef = 54590D424FB42B32DBE47398 /* MetalBallsShootCollideTests.m */; };
		545901EF4625D2D1A35BB2BC /* GameScene.m in Sources */ = {isa = PBXBuildFile; fileRef = 545907EB9F391968CDE5C642 /* GameScene.m */; };
		545902925B833D533C1F06E0 /* GameViewController.m in Sources */ = {isa = PBXBuildFile; fileRef = 545901CB18EA1A098E819E8D /* GameViewController.m */; };
		545902C5CF008E57298B40D9 /* Images.xcassets in Resources */ = {isa = PBXBuildFile; fileRef = 54590D27DA64855650F0718C /* Images.xcassets */; };
		545904E7DB3E3402CAD96A25 /* BallNode.m in Sources */ = {isa = PBXBuildFile; fileRef = 54590E5BF5B68330EB8CA817 /* BallNode.m */; };
		54590600CACC3ECFFD231713 /* LaunchScreen.xib in Resources */ = {isa = PBXBuildFile; fileRef = 54590C46E6024176FA0CA422 /* LaunchScreen.xib */; };
		545909A4A56B7CED6AB02329 /* AppDelegate.m in Sources */ = {isa = PBXBuildFile; fileRef = 545909B77EEB2BFF0D5F7AA9 /* AppDelegate.m */; };
		545909CE56F7C8365E7382B6 /* main.m in Sources */ = {isa = PBXBuildFile; fileRef = 545900FF2046079DEC2A2638 /* main.m */; };
		54590F34A8B5BC7CF27656A3 /* Main.storyboard in Resources */ = {isa = PBXBuildFile; fileRef = 5459086CE021FBB9280019AC /* Main.storyboard */; };
/* End PBXBuildFile section */

/* Begin PBXContainerItemProxy section */
		54590DA9E897B50C58CED419 /* PBXContainerItemProxy */ = {
			isa = PBXContainerItemProxy;
			containerPortal = 545900B4F17CC09717A997AC /* Project object */;
			proxyType = 1;
			remoteGlobalIDString = 545908389EDB353233D27D74;
			remoteInfo = MetalBallsShootCollide;
		};
/* End PBXContainerItemProxy section */

/* Begin PBXFileReference section */
		54590039BBD6C3BBD379CF6D /* Base */ = {isa = PBXFileReference; lastKnownFileType = file.storyboard; name = Base; path = Base.lproj/Main.storyboard; sourceTree = "<group>"; };
		545900FF2046079DEC2A2638 /* main.m */ = {isa = PBXFileReference; lastKnownFileType = sourcecode.c.objc; path = main.m; sourceTree = "<group>"; };
		545901CB18EA1A098E819E8D /* GameViewController.m */ = {isa = PBXFileReference; lastKnownFileType = sourcecode.c.objc; path = GameViewController.m; sourceTree = "<group>"; };
		5459036A68F655B93CE50A57 /* Info.plist */ = {isa = PBXFileReference; lastKnownFileType = text.plist.info; path = Info.plist; sourceTree = "<group>"; };
		5459052A126DCBAA603B4368 /* MetalBallsShootCollide.app */ = {isa = PBXFileReference; explicitFileType = wrapper.application; includeInIndex = 0; path = MetalBallsShootCollide.app; sourceTree = BUILT_PRODUCTS_DIR; };
		545905FAB3FD5EEF9CCD6BCF /* BallNode.h */ = {isa = PBXFileReference; fileEncoding = 4; lastKnownFileType = sourcecode.c.h; path = BallNode.h; sourceTree = "<group>"; };
		545906B99F6EE3ACF14C762A /* Base */ = {isa = PBXFileReference; lastKnownFileType = file.xib; name = Base; path = Base.lproj/LaunchScreen.xib; sourceTree = "<group>"; };
		5459074AA17E8C2570E5EBC5 /* GameViewController.h */ = {isa = PBXFileReference; lastKnownFileType = sourcecode.c.h; path = GameViewController.h; sourceTree = "<group>"; };
		545907615617A06DBBB791C7 /* AppDelegate.h */ = {isa = PBXFileReference; lastKnownFileType = sourcecode.c.h; path = AppDelegate.h; sourceTree = "<group>"; };
		545907EB9F391968CDE5C642 /* GameScene.m */ = {isa = PBXFileReference; lastKnownFileType = sourcecode.c.objc; path = GameScene.m; sourceTree = "<group>"; };
		5459094AAB55836FD7B152DD /* GameScene.h */ = {isa = PBXFileReference; lastKnownFileType = sourcecode.c.h; path = GameScene.h; sourceTree = "<group>"; };
		545909B77EEB2BFF0D5F7AA9 /* AppDelegate.m */ = {isa = PBXFileReference; lastKnownFileType = sourcecode.c.objc; path = AppDelegate.m; sourceTree = "<group>"; };
		545909FD2A38C83F8185F385 /* MetalBallsShootCollideTests.xctest */ = {isa = PBXFileReference; explicitFileType = wrapper.cfbundle; includeInIndex = 0; path = MetalBallsShootCollideTests.xctest; sourceTree = BUILT_PRODUCTS_DIR; };
		54590B88914A599B0720055B /* Info.plist */ = {isa = PBXFileReference; lastKnownFileType = text.plist.info; path = Info.plist; sourceTree = "<group>"; };
		54590D27DA64855650F0718C /* Images.xcassets */ = {isa = PBXFileReference; lastKnownFileType = folder.assetcatalog; path = Images.xcassets; sourceTree = "<group>"; };
		54590D424FB42B32DBE47398 /* MetalBallsShootCollideTests.m */ = {isa = PBXFileReference; lastKnownFileType = sourcecode.c.objc; path = MetalBallsShootCollideTests.m; sourceTree = "<group>"; };
		54590E5BF5B68330EB8CA817 /* BallNode.m */ = {isa = PBXFileReference; fileEncoding = 4; lastKnownFileType = sourcecode.c.objc; path = BallNode.m; sourceTree = "<group>"; };
/* End PBXFileReference section */

/* Begin PBXFrameworksBuildPhase section */
		54590523A982886A4B9ACBB7 /* Frameworks */ = {
			isa = PBXFrameworksBuildPhase;
			buildActionMask = 2147483647;
			files = (
			);
			runOnlyForDeploymentPostprocessing = 0;
		};
		54590C0552B107B722E8F6B8 /* Frameworks */ = {
			isa = PBXFrameworksBuildPhase;
			buildActionMask = 2147483647;
			files = (
			);
			runOnlyForDeploymentPostprocessing = 0;
		};
/* End PBXFrameworksBuildPhase section */

/* Begin PBXGroup section */
		545902CA57D6B17F3593437F = {
			isa = PBXGroup;
			children = (
				54590C70C3E8FB3A11FF8BB7 /* Products */,
				5459064DE1687B655C4399BE /* MetalBallsShootCollide */,
				5459064981428EC132FF7B3E /* MetalBallsShootCollideTests */,
			);
			sourceTree = "<group>";
		};
		5459041E375B8C6555883FD0 /* Supporting Files */ = {
			isa = PBXGroup;
			children = (
				54590B88914A599B0720055B /* Info.plist */,
			);
			name = "Supporting Files";
			sourceTree = "<group>";
		};
		5459064981428EC132FF7B3E /* MetalBallsShootCollideTests */ = {
			isa = PBXGroup;
			children = (
				5459041E375B8C6555883FD0 /* Supporting Files */,
				54590D424FB42B32DBE47398 /* MetalBallsShootCollideTests.m */,
			);
			path = MetalBallsShootCollideTests;
			sourceTree = "<group>";
		};
		5459064DE1687B655C4399BE /* MetalBallsShootCollide */ = {
			isa = PBXGroup;
			children = (
				545907FEC2458EA139BB87C8 /* Supporting Files */,
				54590D27DA64855650F0718C /* Images.xcassets */,
				54590C46E6024176FA0CA422 /* LaunchScreen.xib */,
				545907615617A06DBBB791C7 /* AppDelegate.h */,
				545909B77EEB2BFF0D5F7AA9 /* AppDelegate.m */,
				5459086CE021FBB9280019AC /* Main.storyboard */,
				5459094AAB55836FD7B152DD /* GameScene.h */,
				545907EB9F391968CDE5C642 /* GameScene.m */,
				5459074AA17E8C2570E5EBC5 /* GameViewController.h */,
				545901CB18EA1A098E819E8D /* GameViewController.m */,
				54590E5BF5B68330EB8CA817 /* BallNode.m */,
				545905FAB3FD5EEF9CCD6BCF /* BallNode.h */,
			);
			path = MetalBallsShootCollide;
			sourceTree = "<group>";
		};
		545907FEC2458EA139BB87C8 /* Supporting Files */ = {
			isa = PBXGroup;
			children = (
				5459036A68F655B93CE50A57 /* Info.plist */,
				545900FF2046079DEC2A2638 /* main.m */,
			);
			name = "Supporting Files";
			sourceTree = "<group>";
		};
		54590C70C3E8FB3A11FF8BB7 /* Products */ = {
			isa = PBXGroup;
			children = (
				5459052A126DCBAA603B4368 /* MetalBallsShootCollide.app */,
				545909FD2A38C83F8185F385 /* MetalBallsShootCollideTests.xctest */,
			);
			name = Products;
			sourceTree = "<group>";
		};
/* End PBXGroup section */

/* Begin PBXNativeTarget section */
		545908389EDB353233D27D74 /* MetalBallsShootCollide */ = {
			isa = PBXNativeTarget;
			buildConfigurationList = 54590C7E725036AF7AD38DD9 /* Build configuration list for PBXNativeTarget "MetalBallsShootCollide" */;
			buildPhases = (
				54590A5B78E60692CC19AD54 /* Sources */,
				54590523A982886A4B9ACBB7 /* Frameworks */,
				54590B1F661691B8DAC8E27A /* Resources */,
			);
			buildRules = (
			);
			dependencies = (
			);
			name = MetalBallsShootCollide;
			productName = MetalBallsShootCollide;
			productReference = 5459052A126DCBAA603B4368 /* MetalBallsShootCollide.app */;
			productType = "com.apple.product-type.application";
		};
		54590A7AB74447BF283EF0CD /* MetalBallsShootCollideTests */ = {
			isa = PBXNativeTarget;
			buildConfigurationList = 545900B7B9A43BDAD810FA1C /* Build configuration list for PBXNativeTarget "MetalBallsShootCollideTests" */;
			buildPhases = (
				545901C1A27E81FC3B354F21 /* Sources */,
				54590C0552B107B722E8F6B8 /* Frameworks */,
				54590B9E6A01E0F10E15164E /* Resources */,
			);
			buildRules = (
			);
			dependencies = (
				54590523A2EFCA86E54ED901 /* PBXTargetDependency */,
			);
			name = MetalBallsShootCollideTests;
			productName = MetalBallsShootCollideTests;
			productReference = 545909FD2A38C83F8185F385 /* MetalBallsShootCollideTests.xctest */;
			productType = "com.apple.product-type.bundle.unit-test";
		};
/* End PBXNativeTarget section */

/* Begin PBXProject section */
		545900B4F17CC09717A997AC /* Project object */ = {
			isa = PBXProject;
			attributes = {
				ORGANIZATIONNAME = "Usable Design LLC";
			};
			buildConfigurationList = 545902FA86078AB4CB698541 /* Build configuration list for PBXProject "MetalBallsShootCollide" */;
			compatibilityVersion = "Xcode 3.2";
			developmentRegion = English;
			hasScannedForEncodings = 0;
			knownRegions = (
				en,
			);
			mainGroup = 545902CA57D6B17F3593437F;
			productRefGroup = 54590C70C3E8FB3A11FF8BB7 /* Products */;
			projectDirPath = "";
			projectRoot = "";
			targets = (
				545908389EDB353233D27D74 /* MetalBallsShootCollide */,
				54590A7AB74447BF283EF0CD /* MetalBallsShootCollideTests */,
			);
		};
/* End PBXProject section */

/* Begin PBXResourcesBuildPhase section */
		54590B1F661691B8DAC8E27A /* Resources */ = {
			isa = PBXResourcesBuildPhase;
			buildActionMask = 2147483647;
			files = (
				545902C5CF008E57298B40D9 /* Images.xcassets in Resources */,
				54590600CACC3ECFFD231713 /* LaunchScreen.xib in Resources */,
				54590F34A8B5BC7CF27656A3 /* Main.storyboard in Resources */,
			);
			runOnlyForDeploymentPostprocessing = 0;
		};
		54590B9E6A01E0F10E15164E /* Resources */ = {
			isa = PBXResourcesBuildPhase;
			buildActionMask = 2147483647;
			files = (
			);
			runOnlyForDeploymentPostprocessing = 0;
		};
/* End PBXResourcesBuildPhase section */

/* Begin PBXSourcesBuildPhase section */
		545901C1A27E81FC3B354F21 /* Sources */ = {
			isa = PBXSourcesBuildPhase;
			buildActionMask = 2147483647;
			files = (
				54590072E76D7813173F1A19 /* MetalBallsShootCollideTests.m in Sources */,
			);
			runOnlyForDeploymentPostprocessing = 0;
		};
		54590A5B78E60692CC19AD54 /* Sources */ = {
			isa = PBXSourcesBuildPhase;
			buildActionMask = 2147483647;
			files = (
				545909CE56F7C8365E7382B6 /* main.m in Sources */,
				545909A4A56B7CED6AB02329 /* AppDelegate.m in Sources */,
				545901EF4625D2D1A35BB2BC /* GameScene.m in Sources */,
				545902925B833D533C1F06E0 /* GameViewController.m in Sources */,
				545904E7DB3E3402CAD96A25 /* BallNode.m in Sources */,
			);
			runOnlyForDeploymentPostprocessing = 0;
		};
/* End PBXSourcesBuildPhase section */

/* Begin PBXTargetDependency section */
		54590523A2EFCA86E54ED901 /* PBXTargetDependency */ = {
			isa = PBXTargetDependency;
			target = 545908389EDB353233D27D74 /* MetalBallsShootCollide */;
			targetProxy = 54590DA9E897B50C58CED419 /* PBXContainerItemProxy */;
		};
/* End PBXTargetDependency section */

/* Begin PBXVariantGroup section */
		5459086CE021FBB9280019AC /* Main.storyboard */ = {
			isa = PBXVariantGroup;
			children = (
				54590039BBD6C3BBD379CF6D /* Base */,
			);
			name = Main.storyboard;
			sourceTree = "<group>";
		};
		54590C46E6024176FA0CA422 /* LaunchScreen.xib */ = {
			isa = PBXVariantGroup;
			children = (
				545906B99F6EE3ACF14C762A /* Base */,
			);
			name = LaunchScreen.xib;
			sourceTree = "<group>";
		};
/* End PBXVariantGroup section */

/* Begin XCBuildConfiguration section */
		5459022FDF8DABC6755C3DE8 /* Debug */ = {
			isa = XCBuildConfiguration;
			buildSettings = {
				ASSETCATALOG_COMPILER_APPICON_NAME = AppIcon;
				INFOPLIST_FILE = MetalBallsShootCollide/Info.plist;
				IPHONEOS_DEPLOYMENT_TARGET = 8.1;
				LD_RUNPATH_SEARCH_PATHS = "$(inherited) @executable_path/Frameworks";
				PRODUCT_NAME = "$(TARGET_NAME)";
			};
			name = Debug;
		};
		545902DAC8FFF7CD8486F6D7 /* Release */ = {
			isa = XCBuildConfiguration;
			buildSettings = {
				BUNDLE_LOADER = "$(BUILT_PRODUCTS_DIR)/MetalBallsShootCollide.app/MetalBallsShootCollide";
				FRAMEWORK_SEARCH_PATHS = (
					"$(SDKROOT)/Developer/Library/Frameworks",
					"$(inherited)",
				);
				INFOPLIST_FILE = MetalBallsShootCollideTests/Info.plist;
				LD_RUNPATH_SEARCH_PATHS = "$(inherited) @executable_path/Frameworks @loader_path/Frameworks";
				PRODUCT_NAME = "$(TARGET_NAME)";
				TEST_HOST = "$(BUNDLE_LOADER)";
			};
			name = Release;
		};
		5459084721FB5C9E3B6E08F8 /* Debug */ = {
			isa = XCBuildConfiguration;
			buildSettings = {
				BUNDLE_LOADER = "$(BUILT_PRODUCTS_DIR)/MetalBallsShootCollide.app/MetalBallsShootCollide";
				FRAMEWORK_SEARCH_PATHS = (
					"$(SDKROOT)/Developer/Library/Frameworks",
					"$(inherited)",
				);
				INFOPLIST_FILE = MetalBallsShootCollideTests/Info.plist;
				LD_RUNPATH_SEARCH_PATHS = "$(inherited) @executable_path/Frameworks @loader_path/Frameworks";
				PRODUCT_NAME = "$(TARGET_NAME)";
				TEST_HOST = "$(BUNDLE_LOADER)";
			};
			name = Debug;
		};
		5459095D3A7E33D725A86647 /* Release */ = {
			isa = XCBuildConfiguration;
			buildSettings = {
				ALWAYS_SEARCH_USER_PATHS = NO;
				CLANG_CXX_LANGUAGE_STANDARD = "gnu++0x";
				CLANG_CXX_LIBRARY = "libc++";
				CLANG_ENABLE_MODULES = YES;
				CLANG_ENABLE_OBJC_ARC = YES;
				CLANG_WARN_BOOL_CONVERSION = YES;
				CLANG_WARN_CONSTANT_CONVERSION = YES;
				CLANG_WARN_DIRECT_OBJC_ISA_USAGE = YES_ERROR;
				CLANG_WARN_EMPTY_BODY = YES;
				CLANG_WARN_ENUM_CONVERSION = YES;
				CLANG_WARN_INT_CONVERSION = YES;
				CLANG_WARN_OBJC_ROOT_CLASS = YES_ERROR;
				CLANG_WARN_UNREACHABLE_CODE = YES;
				CLANG_WARN__DUPLICATE_METHOD_MATCH = YES;
				"CODE_SIGN_IDENTITY[sdk=iphoneos*]" = "iPhone Developer";
				COPY_PHASE_STRIP = NO;
				ENABLE_NS_ASSERTIONS = NO;
				ENABLE_STRICT_OBJC_MSGSEND = YES;
				GCC_C_LANGUAGE_STANDARD = gnu99;
				GCC_WARN_64_TO_32_BIT_CONVERSION = YES;
				GCC_WARN_ABOUT_RETURN_TYPE = YES_ERROR;
				GCC_WARN_UNDECLARED_SELECTOR = YES;
				GCC_WARN_UNINITIALIZED_AUTOS = YES_AGGRESSIVE;
				GCC_WARN_UNUSED_FUNCTION = YES;
				GCC_WARN_UNUSED_VARIABLE = YES;
				IPHONEOS_DEPLOYMENT_TARGET = 8.2;
				MTL_ENABLE_DEBUG_INFO = NO;
				SDKROOT = iphoneos;
				VALIDATE_PRODUCT = YES;
			};
			name = Release;
		};
		54590B82D65FFE560110E5B6 /* Debug */ = {
			isa = XCBuildConfiguration;
			buildSettings = {
				ALWAYS_SEARCH_USER_PATHS = NO;
				CLANG_CXX_LANGUAGE_STANDARD = "gnu++0x";
				CLANG_CXX_LIBRARY = "libc++";
				CLANG_ENABLE_MODULES = YES;
				CLANG_ENABLE_OBJC_ARC = YES;
				CLANG_WARN_BOOL_CONVERSION = YES;
				CLANG_WARN_CONSTANT_CONVERSION = YES;
				CLANG_WARN_DIRECT_OBJC_ISA_USAGE = YES_ERROR;
				CLANG_WARN_EMPTY_BODY = YES;
				CLANG_WARN_ENUM_CONVERSION = YES;
				CLANG_WARN_INT_CONVERSION = YES;
				CLANG_WARN_OBJC_ROOT_CLASS = YES_ERROR;
				CLANG_WARN_UNREACHABLE_CODE = YES;
				CLANG_WARN__DUPLICATE_METHOD_MATCH = YES;
				"CODE_SIGN_IDENTITY[sdk=iphoneos*]" = "iPhone Developer";
				COPY_PHASE_STRIP = NO;
				ENABLE_STRICT_OBJC_MSGSEND = YES;
				GCC_C_LANGUAGE_STANDARD = gnu99;
				GCC_DYNAMIC_NO_PIC = NO;
				GCC_OPTIMIZATION_LEVEL = 0;
				GCC_PREPROCESSOR_DEFINITIONS = (
					"DEBUG=1",
					"$(inherited)",
				);
				GCC_SYMBOLS_PRIVATE_EXTERN = NO;
				GCC_WARN_64_TO_32_BIT_CONVERSION = YES;
				GCC_WARN_ABOUT_RETURN_TYPE = YES_ERROR;
				GCC_WARN_UNDECLARED_SELECTOR = YES;
				GCC_WARN_UNINITIALIZED_AUTOS = YES_AGGRESSIVE;
				GCC_WARN_UNUSED_FUNCTION = YES;
				GCC_WARN_UNUSED_VARIABLE = YES;
				IPHONEOS_DEPLOYMENT_TARGET = 8.2;
				MTL_ENABLE_DEBUG_INFO = YES;
				ONLY_ACTIVE_ARCH = YES;
				SDKROOT = iphoneos;
			};
			name = Debug;
		};
		54590D9D2BBC5A757A10A9C6 /* Release */ = {
			isa = XCBuildConfiguration;
			buildSettings = {
				ASSETCATALOG_COMPILER_APPICON_NAME = AppIcon;
				INFOPLIST_FILE = MetalBallsShootCollide/Info.plist;
				IPHONEOS_DEPLOYMENT_TARGET = 8.1;
				LD_RUNPATH_SEARCH_PATHS = "$(inherited) @executable_path/Frameworks";
				PRODUCT_NAME = "$(TARGET_NAME)";
			};
			name = Release;
		};
/* End XCBuildConfiguration section */

/* Begin XCConfigurationList section */
		545900B7B9A43BDAD810FA1C /* Build configuration list for PBXNativeTarget "MetalBallsShootCollideTests" */ = {
			isa = XCConfigurationList;
			buildConfigurations = (
				5459084721FB5C9E3B6E08F8 /* Debug */,
				545902DAC8FFF7CD8486F6D7 /* Release */,
			);
			defaultConfigurationIsVisible = 0;
			defaultConfigurationName = Release;
		};
		545902FA86078AB4CB698541 /* Build configuration list for PBXProject "MetalBallsShootCollide" */ = {
			isa = XCConfigurationList;
			buildConfigurations = (
				54590B82D65FFE560110E5B6 /* Debug */,
				5459095D3A7E33D725A86647 /* Release */,
			);
			defaultConfigurationIsVisible = 0;
			defaultConfigurationName = Release;
		};
		54590C7E725036AF7AD38DD9 /* Build configuration list for PBXNativeTarget "MetalBallsShootCollide" */ = {
			isa = XCConfigurationList;
			buildConfigurations = (
				5459022FDF8DABC6755C3DE8 /* Debug */,
				54590D9D2BBC5A757A10A9C6 /* Release */,
			);
			defaultConfigurationIsVisible = 0;
			defaultConfigurationName = Release;
		};
/* End XCConfigurationList section */
	};
	rootObject = 545900B4F17CC09717A997AC /* Project object */;
}
