// !$*UTF8*$!
{
	archiveVersion = 1;
	classes = {
	};
	objectVersion = 46;
	objects = {

/* Begin PBXBuildFile section */
		024E08D51AB63AD60001B913 /* explosion.sks in Resources */ = {isa = PBXBuildFile; fileRef = 024E08D31AB63AD60001B913 /* explosion.sks */; };
		024E08D61AB63AD60001B913 /* spark.png in Resources */ = {isa = PBXBuildFile; fileRef = 024E08D41AB63AD60001B913 /* spark.png */; };
		02EEFE6D1AC62A5D004A7AFF /* triangle@2x.png in Resources */ = {isa = PBXBuildFile; fileRef = 02EEFE6C1AC62A5D004A7AFF /* triangle@2x.png */; };
		5459005A01704ADD3D6C2A45 /* ScoreNode.m in Sources */ = {isa = PBXBuildFile; fileRef = 5459066A0262F453DC694B1C /* ScoreNode.m */; };
		54590072E76D7813173F1A19 /* MetalBallsShootCollideTests.m in Sources */ = {isa = PBXBuildFile; fileRef = 54590D424FB42B32DBE47398 /* MetalBallsShootCollideTests.m */; };
		54590080D316FE13E9DD5EFD /* UIImage+ColorFromImage.m in Sources */ = {isa = PBXBuildFile; fileRef = 545908F56AE2709B578FDE2C /* UIImage+ColorFromImage.m */; };
		54590109BDFC78F06E187F4D /* MenuViewController.storyboard in Resources */ = {isa = PBXBuildFile; fileRef = 54590DB0B0F0A8E00DCDEE8B /* MenuViewController.storyboard */; };
		545901EF4625D2D1A35BB2BC /* GameScene.m in Sources */ = {isa = PBXBuildFile; fileRef = 545907EB9F391968CDE5C642 /* GameScene.m */; };
		545902925B833D533C1F06E0 /* GameViewController.m in Sources */ = {isa = PBXBuildFile; fileRef = 545901CB18EA1A098E819E8D /* GameViewController.m */; };
		545902C5CF008E57298B40D9 /* Images.xcassets in Resources */ = {isa = PBXBuildFile; fileRef = 54590D27DA64855650F0718C /* Images.xcassets */; };
		545902D42E730F7A1432C22B /* BallNode.m in Sources */ = {isa = PBXBuildFile; fileRef = 545906AA55E0FB92D7514C65 /* BallNode.m */; };
		545903EBEE232CBF7F940026 /* ShooterNode.m in Sources */ = {isa = PBXBuildFile; fileRef = 5459002BB5A5230D20F08BF0 /* ShooterNode.m */; };
		5459046243BD158CFF80DB23 /* siren.mp3 in Resources */ = {isa = PBXBuildFile; fileRef = 5459062ED4857F2A680C2F1C /* siren.mp3 */; };
		545905EE0DFE242F64FBD20B /* GameOverViewController.storyboard in Resources */ = {isa = PBXBuildFile; fileRef = 54590C72144DBC939A26BB38 /* GameOverViewController.storyboard */; };
		54590600CACC3ECFFD231713 /* LaunchScreen.xib in Resources */ = {isa = PBXBuildFile; fileRef = 54590C46E6024176FA0CA422 /* LaunchScreen.xib */; };
		545906D1A741D5B907EE07C6 /* LevelBackgroundNode.m in Sources */ = {isa = PBXBuildFile; fileRef = 54590B2965ABEE3A0CE4AD93 /* LevelBackgroundNode.m */; };
		5459070DC79F6DFB9026F4F7 /* TargetNode.m in Sources */ = {isa = PBXBuildFile; fileRef = 54590094B575EFA800DA8552 /* TargetNode.m */; };
		54590722E4D33346BBBBC1CC /* NextPointWins.m in Sources */ = {isa = PBXBuildFile; fileRef = 545904A7526DAB2BD3746A39 /* NextPointWins.m */; };
		545907DA961EE31A8906FB61 /* TimerNode.m in Sources */ = {isa = PBXBuildFile; fileRef = 54590FCB986C1577A37789AD /* TimerNode.m */; };
		545907E241E5F327E5D3EC7F /* MenuViewController.m in Sources */ = {isa = PBXBuildFile; fileRef = 54590E0DBA265572974476F6 /* MenuViewController.m */; };
		54590864C036B2CCC9E6842C /* SKEmitterNode+HelperExtensions.m in Sources */ = {isa = PBXBuildFile; fileRef = 54590CF692AF5D8B87524D82 /* SKEmitterNode+HelperExtensions.m */; };
		5459089DA0738AC1F2A2793A /* short_beep.mp3 in Resources */ = {isa = PBXBuildFile; fileRef = 54590D4E0B28031FFAAC4DB8 /* short_beep.mp3 */; };
		545908AE25086F5D9D9E32E6 /* TriangleTargetNode.m in Sources */ = {isa = PBXBuildFile; fileRef = 545905FD47C04CB3E65194C1 /* TriangleTargetNode.m */; };
		54590920CBFA05A2969A41AC /* p1ball@2x.png in Resources */ = {isa = PBXBuildFile; fileRef = 545909C6235944D3B1D9C380 /* p1ball@2x.png */; };
		54590969525EAC0566AE97B7 /* RulesNode.m in Sources */ = {isa = PBXBuildFile; fileRef = 54590222E262F86D61157375 /* RulesNode.m */; };
		545909A4A56B7CED6AB02329 /* AppDelegate.m in Sources */ = {isa = PBXBuildFile; fileRef = 545909B77EEB2BFF0D5F7AA9 /* AppDelegate.m */; };
		545909C5EF422308227E81FE /* CountdownNode.m in Sources */ = {isa = PBXBuildFile; fileRef = 5459062EB163D910E5E24BD7 /* CountdownNode.m */; };
		545909CE56F7C8365E7382B6 /* main.m in Sources */ = {isa = PBXBuildFile; fileRef = 545900FF2046079DEC2A2638 /* main.m */; };
		54590B5DF8093553E091AA1E /* short_explosion.mp3 in Resources */ = {isa = PBXBuildFile; fileRef = 5459034F753FD70D04EB4303 /* short_explosion.mp3 */; };
		54590CC9F8EB35B81419537D /* shoot.wav in Resources */ = {isa = PBXBuildFile; fileRef = 54590FB336F98440BDFFCFCD /* shoot.wav */; };
		54590D9F619270CC45B0604C /* go.mp3 in Resources */ = {isa = PBXBuildFile; fileRef = 54590B3A1382A983776A1300 /* go.mp3 */; };
		54590E16A6B3776B333CFA43 /* GameOverViewController.m in Sources */ = {isa = PBXBuildFile; fileRef = 545907154B4352869016EE85 /* GameOverViewController.m */; };
		54590E3B540C7F86D0DA34BF /* ContactCategoryMask.h in Resources */ = {isa = PBXBuildFile; fileRef = 54590B96FD61137335B7EB44 /* ContactCategoryMask.h */; };
		54590E6FD2E3845E6662C950 /* p2ball@2x.png in Resources */ = {isa = PBXBuildFile; fileRef = 545904702C600889242FBD11 /* p2ball@2x.png */; };
		54590F34A8B5BC7CF27656A3 /* Main.storyboard in Resources */ = {isa = PBXBuildFile; fileRef = 5459086CE021FBB9280019AC /* Main.storyboard */; };
/* End PBXBuildFile section */

/* Begin PBXContainerItemProxy section */
		54590DA9E897B50C58CED419 /* PBXContainerItemProxy */ = {
			isa = PBXContainerItemProxy;
			containerPortal = 545900B4F17CC09717A997AC /* Project object */;
			proxyType = 1;
			remoteGlobalIDString = 545908389EDB353233D27D74;
			remoteInfo = MetalBallsShootCollide;
		};
/* End PBXContainerItemProxy section */

/* Begin PBXFileReference section */
		024E08D31AB63AD60001B913 /* explosion.sks */ = {isa = PBXFileReference; lastKnownFileType = file.sks; path = explosion.sks; sourceTree = "<group>"; };
		024E08D41AB63AD60001B913 /* spark.png */ = {isa = PBXFileReference; lastKnownFileType = image.png; path = spark.png; sourceTree = "<group>"; };
		02EEFE6C1AC62A5D004A7AFF /* triangle@2x.png */ = {isa = PBXFileReference; lastKnownFileType = image.png; path = "triangle@2x.png"; sourceTree = "<group>"; };
		5459002BB5A5230D20F08BF0 /* ShooterNode.m */ = {isa = PBXFileReference; fileEncoding = 4; lastKnownFileType = sourcecode.c.objc; path = ShooterNode.m; sourceTree = "<group>"; };
		54590039BBD6C3BBD379CF6D /* Base */ = {isa = PBXFileReference; lastKnownFileType = file.storyboard; name = Base; path = Base.lproj/Main.storyboard; sourceTree = "<group>"; };
		5459004186AA08B88C2CB07B /* ScoreNode.h */ = {isa = PBXFileReference; fileEncoding = 4; lastKnownFileType = sourcecode.c.h; path = ScoreNode.h; sourceTree = "<group>"; };
		54590047F9F179A2A91CADA7 /* SKEmitterNode+HelperExtensions.h */ = {isa = PBXFileReference; fileEncoding = 4; lastKnownFileType = sourcecode.c.h; path = "SKEmitterNode+HelperExtensions.h"; sourceTree = "<group>"; };
		54590094B575EFA800DA8552 /* TargetNode.m */ = {isa = PBXFileReference; fileEncoding = 4; lastKnownFileType = sourcecode.c.objc; path = TargetNode.m; sourceTree = "<group>"; };
		545900FF2046079DEC2A2638 /* main.m */ = {isa = PBXFileReference; lastKnownFileType = sourcecode.c.objc; path = main.m; sourceTree = "<group>"; };
		54590113EBBAB12304051801 /* NextPointWins.h */ = {isa = PBXFileReference; fileEncoding = 4; lastKnownFileType = sourcecode.c.h; path = NextPointWins.h; sourceTree = "<group>"; };
		545901CB18EA1A098E819E8D /* GameViewController.m */ = {isa = PBXFileReference; lastKnownFileType = sourcecode.c.objc; path = GameViewController.m; sourceTree = "<group>"; };
		54590222E262F86D61157375 /* RulesNode.m */ = {isa = PBXFileReference; fileEncoding = 4; lastKnownFileType = sourcecode.c.objc; path = RulesNode.m; sourceTree = "<group>"; };
		5459027911B7974A5C590CCA /* PlayerEnum.h */ = {isa = PBXFileReference; fileEncoding = 4; lastKnownFileType = sourcecode.c.h; path = PlayerEnum.h; sourceTree = "<group>"; };
		545902EC26AF5A9333D023E7 /* TimerNode.h */ = {isa = PBXFileReference; fileEncoding = 4; lastKnownFileType = sourcecode.c.h; path = TimerNode.h; sourceTree = "<group>"; };
		5459034F753FD70D04EB4303 /* short_explosion.mp3 */ = {isa = PBXFileReference; lastKnownFileType = audio.mp3; path = short_explosion.mp3; sourceTree = "<group>"; };
		5459036A68F655B93CE50A57 /* Info.plist */ = {isa = PBXFileReference; lastKnownFileType = text.plist.info; path = Info.plist; sourceTree = "<group>"; };
		5459045AA68F0B2C689BC05C /* GameOverViewDelegate.h */ = {isa = PBXFileReference; fileEncoding = 4; lastKnownFileType = sourcecode.c.h; path = GameOverViewDelegate.h; sourceTree = "<group>"; };
		545904702C600889242FBD11 /* p2ball@2x.png */ = {isa = PBXFileReference; lastKnownFileType = image.png; path = "p2ball@2x.png"; sourceTree = "<group>"; };
		545904A7526DAB2BD3746A39 /* NextPointWins.m */ = {isa = PBXFileReference; fileEncoding = 4; lastKnownFileType = sourcecode.c.objc; path = NextPointWins.m; sourceTree = "<group>"; };
		5459052A126DCBAA603B4368 /* MetalBallsShootCollide.app */ = {isa = PBXFileReference; explicitFileType = wrapper.application; includeInIndex = 0; path = MetalBallsShootCollide.app; sourceTree = BUILT_PRODUCTS_DIR; };
		545905FD47C04CB3E65194C1 /* TriangleTargetNode.m */ = {isa = PBXFileReference; fileEncoding = 4; lastKnownFileType = sourcecode.c.objc; path = TriangleTargetNode.m; sourceTree = "<group>"; };
		5459061D171CE0CE06235327 /* RulesNode.h */ = {isa = PBXFileReference; fileEncoding = 4; lastKnownFileType = sourcecode.c.h; path = RulesNode.h; sourceTree = "<group>"; };
		5459062EB163D910E5E24BD7 /* CountdownNode.m */ = {isa = PBXFileReference; fileEncoding = 4; lastKnownFileType = sourcecode.c.objc; path = CountdownNode.m; sourceTree = "<group>"; };
		5459062ED4857F2A680C2F1C /* siren.mp3 */ = {isa = PBXFileReference; lastKnownFileType = audio.mp3; path = siren.mp3; sourceTree = "<group>"; };
		5459066A0262F453DC694B1C /* ScoreNode.m */ = {isa = PBXFileReference; fileEncoding = 4; lastKnownFileType = sourcecode.c.objc; path = ScoreNode.m; sourceTree = "<group>"; };
		545906A4AC61EF97533E9BF4 /* UIImage+ColorFromImage.h */ = {isa = PBXFileReference; fileEncoding = 4; lastKnownFileType = sourcecode.c.h; path = "UIImage+ColorFromImage.h"; sourceTree = "<group>"; };
		545906AA55E0FB92D7514C65 /* BallNode.m */ = {isa = PBXFileReference; fileEncoding = 4; lastKnownFileType = sourcecode.c.objc; path = BallNode.m; sourceTree = "<group>"; };
		545906B99F6EE3ACF14C762A /* Base */ = {isa = PBXFileReference; lastKnownFileType = file.xib; name = Base; path = Base.lproj/LaunchScreen.xib; sourceTree = "<group>"; };
		5459070281355832564F94B6 /* TargetNode.h */ = {isa = PBXFileReference; fileEncoding = 4; lastKnownFileType = sourcecode.c.h; path = TargetNode.h; sourceTree = "<group>"; };
		545907154B4352869016EE85 /* GameOverViewController.m */ = {isa = PBXFileReference; fileEncoding = 4; lastKnownFileType = sourcecode.c.objc; path = GameOverViewController.m; sourceTree = "<group>"; };
		5459074AA17E8C2570E5EBC5 /* GameViewController.h */ = {isa = PBXFileReference; lastKnownFileType = sourcecode.c.h; path = GameViewController.h; sourceTree = "<group>"; };
		545907615617A06DBBB791C7 /* AppDelegate.h */ = {isa = PBXFileReference; lastKnownFileType = sourcecode.c.h; path = AppDelegate.h; sourceTree = "<group>"; };
		545907EB9F391968CDE5C642 /* GameScene.m */ = {isa = PBXFileReference; lastKnownFileType = sourcecode.c.objc; path = GameScene.m; sourceTree = "<group>"; };
		5459086E900DE0082FD8E883 /* BallNode.h */ = {isa = PBXFileReference; fileEncoding = 4; lastKnownFileType = sourcecode.c.h; path = BallNode.h; sourceTree = "<group>"; };
		545908BBF46B7ABCF3125A46 /* GameOverViewController.h */ = {isa = PBXFileReference; fileEncoding = 4; lastKnownFileType = sourcecode.c.h; path = GameOverViewController.h; sourceTree = "<group>"; };
		545908F56AE2709B578FDE2C /* UIImage+ColorFromImage.m */ = {isa = PBXFileReference; fileEncoding = 4; lastKnownFileType = sourcecode.c.objc; path = "UIImage+ColorFromImage.m"; sourceTree = "<group>"; };
		5459094AAB55836FD7B152DD /* GameScene.h */ = {isa = PBXFileReference; lastKnownFileType = sourcecode.c.h; path = GameScene.h; sourceTree = "<group>"; };
		545909B77EEB2BFF0D5F7AA9 /* AppDelegate.m */ = {isa = PBXFileReference; lastKnownFileType = sourcecode.c.objc; path = AppDelegate.m; sourceTree = "<group>"; };
		545909C6235944D3B1D9C380 /* p1ball@2x.png */ = {isa = PBXFileReference; lastKnownFileType = image.png; path = "p1ball@2x.png"; sourceTree = "<group>"; };
		545909FD2A38C83F8185F385 /* MetalBallsShootCollideTests.xctest */ = {isa = PBXFileReference; explicitFileType = wrapper.cfbundle; includeInIndex = 0; path = MetalBallsShootCollideTests.xctest; sourceTree = BUILT_PRODUCTS_DIR; };
		54590A1D34E5D4A48BF4051A /* CountdownNode.h */ = {isa = PBXFileReference; fileEncoding = 4; lastKnownFileType = sourcecode.c.h; path = CountdownNode.h; sourceTree = "<group>"; };
		54590A7FAA0D6E847EDFDB7C /* MenuViewController.h */ = {isa = PBXFileReference; fileEncoding = 4; lastKnownFileType = sourcecode.c.h; path = MenuViewController.h; sourceTree = "<group>"; };
		54590B2965ABEE3A0CE4AD93 /* LevelBackgroundNode.m */ = {isa = PBXFileReference; fileEncoding = 4; lastKnownFileType = sourcecode.c.objc; path = LevelBackgroundNode.m; sourceTree = "<group>"; };
		54590B3A1382A983776A1300 /* go.mp3 */ = {isa = PBXFileReference; lastKnownFileType = audio.mp3; path = go.mp3; sourceTree = "<group>"; };
		54590B88914A599B0720055B /* Info.plist */ = {isa = PBXFileReference; lastKnownFileType = text.plist.info; path = Info.plist; sourceTree = "<group>"; };
		54590B96FD61137335B7EB44 /* ContactCategoryMask.h */ = {isa = PBXFileReference; fileEncoding = 4; lastKnownFileType = sourcecode.c.h; path = ContactCategoryMask.h; sourceTree = "<group>"; };
		54590BF90A942B92F30D4BE8 /* TriangleTargetNode.h */ = {isa = PBXFileReference; fileEncoding = 4; lastKnownFileType = sourcecode.c.h; path = TriangleTargetNode.h; sourceTree = "<group>"; };
		54590C72144DBC939A26BB38 /* GameOverViewController.storyboard */ = {isa = PBXFileReference; lastKnownFileType = file.storyboard; path = GameOverViewController.storyboard; sourceTree = "<group>"; };
		54590CA621516EEFEAD5BBEF /* GameOverDelegate.h */ = {isa = PBXFileReference; fileEncoding = 4; lastKnownFileType = sourcecode.c.h; path = GameOverDelegate.h; sourceTree = "<group>"; };
		54590CD07D35FFB217397F0C /* LevelBackgroundNode.h */ = {isa = PBXFileReference; fileEncoding = 4; lastKnownFileType = sourcecode.c.h; path = LevelBackgroundNode.h; sourceTree = "<group>"; };
		54590CF692AF5D8B87524D82 /* SKEmitterNode+HelperExtensions.m */ = {isa = PBXFileReference; fileEncoding = 4; lastKnownFileType = sourcecode.c.objc; path = "SKEmitterNode+HelperExtensions.m"; sourceTree = "<group>"; };
		54590D27DA64855650F0718C /* Images.xcassets */ = {isa = PBXFileReference; lastKnownFileType = folder.assetcatalog; path = Images.xcassets; sourceTree = "<group>"; };
		54590D424FB42B32DBE47398 /* MetalBallsShootCollideTests.m */ = {isa = PBXFileReference; lastKnownFileType = sourcecode.c.objc; path = MetalBallsShootCollideTests.m; sourceTree = "<group>"; };
		54590D4E0B28031FFAAC4DB8 /* short_beep.mp3 */ = {isa = PBXFileReference; lastKnownFileType = audio.mp3; path = short_beep.mp3; sourceTree = "<group>"; };
		54590DB0B0F0A8E00DCDEE8B /* MenuViewController.storyboard */ = {isa = PBXFileReference; lastKnownFileType = file.storyboard; path = MenuViewController.storyboard; sourceTree = "<group>"; };
		54590E0DBA265572974476F6 /* MenuViewController.m */ = {isa = PBXFileReference; fileEncoding = 4; lastKnownFileType = sourcecode.c.objc; path = MenuViewController.m; sourceTree = "<group>"; };
		54590F9CC91E6A68BC80BD31 /* ShooterNode.h */ = {isa = PBXFileReference; fileEncoding = 4; lastKnownFileType = sourcecode.c.h; path = ShooterNode.h; sourceTree = "<group>"; };
		54590FB336F98440BDFFCFCD /* shoot.wav */ = {isa = PBXFileReference; lastKnownFileType = audio.wav; path = shoot.wav; sourceTree = "<group>"; };
		54590FCB986C1577A37789AD /* TimerNode.m */ = {isa = PBXFileReference; fileEncoding = 4; lastKnownFileType = sourcecode.c.objc; path = TimerNode.m; sourceTree = "<group>"; };
/* End PBXFileReference section */

/* Begin PBXFrameworksBuildPhase section */
		54590523A982886A4B9ACBB7 /* Frameworks */ = {
			isa = PBXFrameworksBuildPhase;
			buildActionMask = 2147483647;
			files = (
			);
			runOnlyForDeploymentPostprocessing = 0;
		};
		54590C0552B107B722E8F6B8 /* Frameworks */ = {
			isa = PBXFrameworksBuildPhase;
			buildActionMask = 2147483647;
			files = (
			);
			runOnlyForDeploymentPostprocessing = 0;
		};
/* End PBXFrameworksBuildPhase section */

/* Begin PBXGroup section */
		545902CA57D6B17F3593437F = {
			isa = PBXGroup;
			children = (
				54590C70C3E8FB3A11FF8BB7 /* Products */,
				5459064DE1687B655C4399BE /* MetalBallsShootCollide */,
				5459064981428EC132FF7B3E /* MetalBallsShootCollideTests */,
			);
			sourceTree = "<group>";
		};
		54590408F7D65B7AC5F19F23 /* Start */ = {
			isa = PBXGroup;
			children = (
				54590A1D34E5D4A48BF4051A /* CountdownNode.h */,
				5459062EB163D910E5E24BD7 /* CountdownNode.m */,
				54590222E262F86D61157375 /* RulesNode.m */,
				5459061D171CE0CE06235327 /* RulesNode.h */,
			);
			path = Start;
			sourceTree = "<group>";
		};
		5459041E375B8C6555883FD0 /* Supporting Files */ = {
			isa = PBXGroup;
			children = (
				54590B88914A599B0720055B /* Info.plist */,
			);
			name = "Supporting Files";
			sourceTree = "<group>";
		};
		54590630E328A1E1D7F9D935 /* Menu */ = {
			isa = PBXGroup;
			children = (
				54590DB0B0F0A8E00DCDEE8B /* MenuViewController.storyboard */,
				54590E0DBA265572974476F6 /* MenuViewController.m */,
				54590A7FAA0D6E847EDFDB7C /* MenuViewController.h */,
			);
			path = Menu;
			sourceTree = "<group>";
		};
		5459064981428EC132FF7B3E /* MetalBallsShootCollideTests */ = {
			isa = PBXGroup;
			children = (
				5459041E375B8C6555883FD0 /* Supporting Files */,
				54590D424FB42B32DBE47398 /* MetalBallsShootCollideTests.m */,
			);
			path = MetalBallsShootCollideTests;
			sourceTree = "<group>";
		};
		5459064DE1687B655C4399BE /* MetalBallsShootCollide */ = {
			isa = PBXGroup;
			children = (
				545907FEC2458EA139BB87C8 /* Supporting Files */,
				54590D27DA64855650F0718C /* Images.xcassets */,
				54590C46E6024176FA0CA422 /* LaunchScreen.xib */,
				545907615617A06DBBB791C7 /* AppDelegate.h */,
				545909B77EEB2BFF0D5F7AA9 /* AppDelegate.m */,
				5459086CE021FBB9280019AC /* Main.storyboard */,
				5459094AAB55836FD7B152DD /* GameScene.h */,
				545907EB9F391968CDE5C642 /* GameScene.m */,
				5459074AA17E8C2570E5EBC5 /* GameViewController.h */,
				545901CB18EA1A098E819E8D /* GameViewController.m */,
				54590B006ADE0D3EC49FDF51 /* Nodes */,
				54590C1627689992651C3152 /* icons.atlas */,
				54590CF692AF5D8B87524D82 /* SKEmitterNode+HelperExtensions.m */,
				54590047F9F179A2A91CADA7 /* SKEmitterNode+HelperExtensions.h */,
				54590B96FD61137335B7EB44 /* ContactCategoryMask.h */,
				54590CCB744CB91ACF44CD6D /* sounds */,
				5459027911B7974A5C590CCA /* PlayerEnum.h */,
				54590CA621516EEFEAD5BBEF /* GameOverDelegate.h */,
				54590C57109D87C2963FF947 /* GameOver */,
				54590665B188CDC2BDED34F1 /* Helper */,
				54590630E328A1E1D7F9D935 /* Menu */,
			);
			path = MetalBallsShootCollide;
			sourceTree = "<group>";
		};
		54590665B188CDC2BDED34F1 /* Helper */ = {
			isa = PBXGroup;
			children = (
				545908F56AE2709B578FDE2C /* UIImage+ColorFromImage.m */,
				545906A4AC61EF97533E9BF4 /* UIImage+ColorFromImage.h */,
			);
			path = Helper;
			sourceTree = "<group>";
		};
		545907FEC2458EA139BB87C8 /* Supporting Files */ = {
			isa = PBXGroup;
			children = (
				5459036A68F655B93CE50A57 /* Info.plist */,
				545900FF2046079DEC2A2638 /* main.m */,
			);
			name = "Supporting Files";
			sourceTree = "<group>";
		};
		54590B006ADE0D3EC49FDF51 /* Nodes */ = {
			isa = PBXGroup;
			children = (
				545906AA55E0FB92D7514C65 /* BallNode.m */,
				545905FD47C04CB3E65194C1 /* TriangleTargetNode.m */,
				54590F9CC91E6A68BC80BD31 /* ShooterNode.h */,
				5459002BB5A5230D20F08BF0 /* ShooterNode.m */,
				54590BF90A942B92F30D4BE8 /* TriangleTargetNode.h */,
				5459086E900DE0082FD8E883 /* BallNode.h */,
				54590CD07D35FFB217397F0C /* LevelBackgroundNode.h */,
				54590B2965ABEE3A0CE4AD93 /* LevelBackgroundNode.m */,
				024E08D31AB63AD60001B913 /* explosion.sks */,
				024E08D41AB63AD60001B913 /* spark.png */,
				5459004186AA08B88C2CB07B /* ScoreNode.h */,
				5459066A0262F453DC694B1C /* ScoreNode.m */,
				54590094B575EFA800DA8552 /* TargetNode.m */,
				5459070281355832564F94B6 /* TargetNode.h */,
				54590408F7D65B7AC5F19F23 /* Start */,
				54590FCB986C1577A37789AD /* TimerNode.m */,
				545902EC26AF5A9333D023E7 /* TimerNode.h */,
				545904A7526DAB2BD3746A39 /* NextPointWins.m */,
				54590113EBBAB12304051801 /* NextPointWins.h */,
			);
			path = Nodes;
			sourceTree = "<group>";
		};
		54590C1627689992651C3152 /* icons.atlas */ = {
			isa = PBXGroup;
			children = (
				02EEFE6C1AC62A5D004A7AFF /* triangle@2x.png */,
				545904702C600889242FBD11 /* p2ball@2x.png */,
				545909C6235944D3B1D9C380 /* p1ball@2x.png */,
			);
			path = icons.atlas;
			sourceTree = "<group>";
		};
		54590C57109D87C2963FF947 /* GameOver */ = {
			isa = PBXGroup;
			children = (
				54590C72144DBC939A26BB38 /* GameOverViewController.storyboard */,
				545907154B4352869016EE85 /* GameOverViewController.m */,
				545908BBF46B7ABCF3125A46 /* GameOverViewController.h */,
				5459045AA68F0B2C689BC05C /* GameOverViewDelegate.h */,
			);
			path = GameOver;
			sourceTree = "<group>";
		};
		54590C70C3E8FB3A11FF8BB7 /* Products */ = {
			isa = PBXGroup;
			children = (
				5459052A126DCBAA603B4368 /* MetalBallsShootCollide.app */,
				545909FD2A38C83F8185F385 /* MetalBallsShootCollideTests.xctest */,
			);
			name = Products;
			sourceTree = "<group>";
		};
		54590CCB744CB91ACF44CD6D /* sounds */ = {
			isa = PBXGroup;
			children = (
				5459034F753FD70D04EB4303 /* short_explosion.mp3 */,
				54590D4E0B28031FFAAC4DB8 /* short_beep.mp3 */,
				54590B3A1382A983776A1300 /* go.mp3 */,
				54590FB336F98440BDFFCFCD /* shoot.wav */,
				5459062ED4857F2A680C2F1C /* siren.mp3 */,
			);
			path = sounds;
			sourceTree = "<group>";
		};
/* End PBXGroup section */

/* Begin PBXNativeTarget section */
		545908389EDB353233D27D74 /* MetalBallsShootCollide */ = {
			isa = PBXNativeTarget;
			buildConfigurationList = 54590C7E725036AF7AD38DD9 /* Build configuration list for PBXNativeTarget "MetalBallsShootCollide" */;
			buildPhases = (
				54590A5B78E60692CC19AD54 /* Sources */,
				54590523A982886A4B9ACBB7 /* Frameworks */,
				54590B1F661691B8DAC8E27A /* Resources */,
			);
			buildRules = (
			);
			dependencies = (
			);
			name = MetalBallsShootCollide;
			productName = MetalBallsShootCollide;
			productReference = 5459052A126DCBAA603B4368 /* MetalBallsShootCollide.app */;
			productType = "com.apple.product-type.application";
		};
		54590A7AB74447BF283EF0CD /* MetalBallsShootCollideTests */ = {
			isa = PBXNativeTarget;
			buildConfigurationList = 545900B7B9A43BDAD810FA1C /* Build configuration list for PBXNativeTarget "MetalBallsShootCollideTests" */;
			buildPhases = (
				545901C1A27E81FC3B354F21 /* Sources */,
				54590C0552B107B722E8F6B8 /* Frameworks */,
				54590B9E6A01E0F10E15164E /* Resources */,
			);
			buildRules = (
			);
			dependencies = (
				54590523A2EFCA86E54ED901 /* PBXTargetDependency */,
			);
			name = MetalBallsShootCollideTests;
			productName = MetalBallsShootCollideTests;
			productReference = 545909FD2A38C83F8185F385 /* MetalBallsShootCollideTests.xctest */;
			productType = "com.apple.product-type.bundle.unit-test";
		};
/* End PBXNativeTarget section */

/* Begin PBXProject section */
		545900B4F17CC09717A997AC /* Project object */ = {
			isa = PBXProject;
			attributes = {
				ORGANIZATIONNAME = "Usable Design LLC";
				TargetAttributes = {
					545908389EDB353233D27D74 = {
						DevelopmentTeam = 255V99ZU6N;
					};
				};
			};
			buildConfigurationList = 545902FA86078AB4CB698541 /* Build configuration list for PBXProject "MetalBallsShootCollide" */;
			compatibilityVersion = "Xcode 3.2";
			developmentRegion = English;
			hasScannedForEncodings = 0;
			knownRegions = (
				en,
			);
			mainGroup = 545902CA57D6B17F3593437F;
			productRefGroup = 54590C70C3E8FB3A11FF8BB7 /* Products */;
			projectDirPath = "";
			projectRoot = "";
			targets = (
				545908389EDB353233D27D74 /* MetalBallsShootCollide */,
				54590A7AB74447BF283EF0CD /* MetalBallsShootCollideTests */,
			);
		};
/* End PBXProject section */

/* Begin PBXResourcesBuildPhase section */
		54590B1F661691B8DAC8E27A /* Resources */ = {
			isa = PBXResourcesBuildPhase;
			buildActionMask = 2147483647;
			files = (
				02EEFE6D1AC62A5D004A7AFF /* triangle@2x.png in Resources */,
				024E08D51AB63AD60001B913 /* explosion.sks in Resources */,
				545902C5CF008E57298B40D9 /* Images.xcassets in Resources */,
				54590600CACC3ECFFD231713 /* LaunchScreen.xib in Resources */,
				54590F34A8B5BC7CF27656A3 /* Main.storyboard in Resources */,
				54590E6FD2E3845E6662C950 /* p2ball@2x.png in Resources */,
				024E08D61AB63AD60001B913 /* spark.png in Resources */,
				54590920CBFA05A2969A41AC /* p1ball@2x.png in Resources */,
				54590E3B540C7F86D0DA34BF /* ContactCategoryMask.h in Resources */,
				54590B5DF8093553E091AA1E /* short_explosion.mp3 in Resources */,
				5459089DA0738AC1F2A2793A /* short_beep.mp3 in Resources */,
				54590D9F619270CC45B0604C /* go.mp3 in Resources */,
				54590CC9F8EB35B81419537D /* shoot.wav in Resources */,
				545905EE0DFE242F64FBD20B /* GameOverViewController.storyboard in Resources */,
				54590109BDFC78F06E187F4D /* MenuViewController.storyboard in Resources */,
				5459046243BD158CFF80DB23 /* siren.mp3 in Resources */,
			);
			runOnlyForDeploymentPostprocessing = 0;
		};
		54590B9E6A01E0F10E15164E /* Resources */ = {
			isa = PBXResourcesBuildPhase;
			buildActionMask = 2147483647;
			files = (
			);
			runOnlyForDeploymentPostprocessing = 0;
		};
/* End PBXResourcesBuildPhase section */

/* Begin PBXSourcesBuildPhase section */
		545901C1A27E81FC3B354F21 /* Sources */ = {
			isa = PBXSourcesBuildPhase;
			buildActionMask = 2147483647;
			files = (
				54590072E76D7813173F1A19 /* MetalBallsShootCollideTests.m in Sources */,
			);
			runOnlyForDeploymentPostprocessing = 0;
		};
		54590A5B78E60692CC19AD54 /* Sources */ = {
			isa = PBXSourcesBuildPhase;
			buildActionMask = 2147483647;
			files = (
				545909CE56F7C8365E7382B6 /* main.m in Sources */,
				545909A4A56B7CED6AB02329 /* AppDelegate.m in Sources */,
				545901EF4625D2D1A35BB2BC /* GameScene.m in Sources */,
				545902925B833D533C1F06E0 /* GameViewController.m in Sources */,
				545902D42E730F7A1432C22B /* BallNode.m in Sources */,
				545908AE25086F5D9D9E32E6 /* TriangleTargetNode.m in Sources */,
				545903EBEE232CBF7F940026 /* ShooterNode.m in Sources */,
				545906D1A741D5B907EE07C6 /* LevelBackgroundNode.m in Sources */,
				54590864C036B2CCC9E6842C /* SKEmitterNode+HelperExtensions.m in Sources */,
				5459005A01704ADD3D6C2A45 /* ScoreNode.m in Sources */,
				5459070DC79F6DFB9026F4F7 /* TargetNode.m in Sources */,
				54590E16A6B3776B333CFA43 /* GameOverViewController.m in Sources */,
				54590080D316FE13E9DD5EFD /* UIImage+ColorFromImage.m in Sources */,
				545907E241E5F327E5D3EC7F /* MenuViewController.m in Sources */,
				545909C5EF422308227E81FE /* CountdownNode.m in Sources */,
				54590969525EAC0566AE97B7 /* RulesNode.m in Sources */,
				545907DA961EE31A8906FB61 /* TimerNode.m in Sources */,
				54590722E4D33346BBBBC1CC /* NextPointWins.m in Sources */,
			);
			runOnlyForDeploymentPostprocessing = 0;
		};
/* End PBXSourcesBuildPhase section */

/* Begin PBXTargetDependency section */
		54590523A2EFCA86E54ED901 /* PBXTargetDependency */ = {
			isa = PBXTargetDependency;
			target = 545908389EDB353233D27D74 /* MetalBallsShootCollide */;
			targetProxy = 54590DA9E897B50C58CED419 /* PBXContainerItemProxy */;
		};
/* End PBXTargetDependency section */

/* Begin PBXVariantGroup section */
		5459086CE021FBB9280019AC /* Main.storyboard */ = {
			isa = PBXVariantGroup;
			children = (
				54590039BBD6C3BBD379CF6D /* Base */,
			);
			name = Main.storyboard;
			sourceTree = "<group>";
		};
		54590C46E6024176FA0CA422 /* LaunchScreen.xib */ = {
			isa = PBXVariantGroup;
			children = (
				545906B99F6EE3ACF14C762A /* Base */,
			);
			name = LaunchScreen.xib;
			sourceTree = "<group>";
		};
/* End PBXVariantGroup section */

/* Begin XCBuildConfiguration section */
		5459022FDF8DABC6755C3DE8 /* Debug */ = {
			isa = XCBuildConfiguration;
			buildSettings = {
				ASSETCATALOG_COMPILER_APPICON_NAME = AppIcon;
				CODE_SIGN_IDENTITY = "iPhone Developer";
				"CODE_SIGN_IDENTITY[sdk=iphoneos*]" = "iPhone Developer";
				INFOPLIST_FILE = MetalBallsShootCollide/Info.plist;
				IPHONEOS_DEPLOYMENT_TARGET = 8.1;
				LD_RUNPATH_SEARCH_PATHS = "$(inherited) @executable_path/Frameworks";
				PRODUCT_NAME = "$(TARGET_NAME)";
				PROVISIONING_PROFILE = "";
				TARGETED_DEVICE_FAMILY = "1,2";
			};
			name = Debug;
		};
		545902DAC8FFF7CD8486F6D7 /* Release */ = {
			isa = XCBuildConfiguration;
			buildSettings = {
				BUNDLE_LOADER = "$(BUILT_PRODUCTS_DIR)/MetalBallsShootCollide.app/MetalBallsShootCollide";
				FRAMEWORK_SEARCH_PATHS = (
					"$(SDKROOT)/Developer/Library/Frameworks",
					"$(inherited)",
				);
				INFOPLIST_FILE = MetalBallsShootCollideTests/Info.plist;
				LD_RUNPATH_SEARCH_PATHS = "$(inherited) @executable_path/Frameworks @loader_path/Frameworks";
				PRODUCT_NAME = "$(TARGET_NAME)";
				TEST_HOST = "$(BUNDLE_LOADER)";
			};
			name = Release;
		};
		5459084721FB5C9E3B6E08F8 /* Debug */ = {
			isa = XCBuildConfiguration;
			buildSettings = {
				BUNDLE_LOADER = "$(BUILT_PRODUCTS_DIR)/MetalBallsShootCollide.app/MetalBallsShootCollide";
				FRAMEWORK_SEARCH_PATHS = (
					"$(SDKROOT)/Developer/Library/Frameworks",
					"$(inherited)",
				);
				INFOPLIST_FILE = MetalBallsShootCollideTests/Info.plist;
				LD_RUNPATH_SEARCH_PATHS = "$(inherited) @executable_path/Frameworks @loader_path/Frameworks";
				PRODUCT_NAME = "$(TARGET_NAME)";
				TEST_HOST = "$(BUNDLE_LOADER)";
			};
			name = Debug;
		};
		5459095D3A7E33D725A86647 /* Release */ = {
			isa = XCBuildConfiguration;
			buildSettings = {
				ALWAYS_SEARCH_USER_PATHS = NO;
				CLANG_CXX_LANGUAGE_STANDARD = "gnu++0x";
				CLANG_CXX_LIBRARY = "libc++";
				CLANG_ENABLE_MODULES = YES;
				CLANG_ENABLE_OBJC_ARC = YES;
				CLANG_WARN_BOOL_CONVERSION = YES;
				CLANG_WARN_CONSTANT_CONVERSION = YES;
				CLANG_WARN_DIRECT_OBJC_ISA_USAGE = YES_ERROR;
				CLANG_WARN_EMPTY_BODY = YES;
				CLANG_WARN_ENUM_CONVERSION = YES;
				CLANG_WARN_INT_CONVERSION = YES;
				CLANG_WARN_OBJC_ROOT_CLASS = YES_ERROR;
				CLANG_WARN_UNREACHABLE_CODE = YES;
				CLANG_WARN__DUPLICATE_METHOD_MATCH = YES;
				"CODE_SIGN_IDENTITY[sdk=iphoneos*]" = "iPhone Developer";
				COPY_PHASE_STRIP = NO;
				ENABLE_NS_ASSERTIONS = NO;
				ENABLE_STRICT_OBJC_MSGSEND = YES;
				GCC_C_LANGUAGE_STANDARD = gnu99;
				GCC_WARN_64_TO_32_BIT_CONVERSION = YES;
				GCC_WARN_ABOUT_RETURN_TYPE = YES_ERROR;
				GCC_WARN_UNDECLARED_SELECTOR = YES;
				GCC_WARN_UNINITIALIZED_AUTOS = YES_AGGRESSIVE;
				GCC_WARN_UNUSED_FUNCTION = YES;
				GCC_WARN_UNUSED_VARIABLE = YES;
				IPHONEOS_DEPLOYMENT_TARGET = 8.2;
				MTL_ENABLE_DEBUG_INFO = NO;
				SDKROOT = iphoneos;
				VALIDATE_PRODUCT = YES;
			};
			name = Release;
		};
		54590B82D65FFE560110E5B6 /* Debug */ = {
			isa = XCBuildConfiguration;
			buildSettings = {
				ALWAYS_SEARCH_USER_PATHS = NO;
				CLANG_CXX_LANGUAGE_STANDARD = "gnu++0x";
				CLANG_CXX_LIBRARY = "libc++";
				CLANG_ENABLE_MODULES = YES;
				CLANG_ENABLE_OBJC_ARC = YES;
				CLANG_WARN_BOOL_CONVERSION = YES;
				CLANG_WARN_CONSTANT_CONVERSION = YES;
				CLANG_WARN_DIRECT_OBJC_ISA_USAGE = YES_ERROR;
				CLANG_WARN_EMPTY_BODY = YES;
				CLANG_WARN_ENUM_CONVERSION = YES;
				CLANG_WARN_INT_CONVERSION = YES;
				CLANG_WARN_OBJC_ROOT_CLASS = YES_ERROR;
				CLANG_WARN_UNREACHABLE_CODE = YES;
				CLANG_WARN__DUPLICATE_METHOD_MATCH = YES;
				"CODE_SIGN_IDENTITY[sdk=iphoneos*]" = "iPhone Developer";
				COPY_PHASE_STRIP = NO;
				ENABLE_STRICT_OBJC_MSGSEND = YES;
				GCC_C_LANGUAGE_STANDARD = gnu99;
				GCC_DYNAMIC_NO_PIC = NO;
				GCC_OPTIMIZATION_LEVEL = 0;
				GCC_PREPROCESSOR_DEFINITIONS = (
					"DEBUG=1",
					"$(inherited)",
				);
				GCC_SYMBOLS_PRIVATE_EXTERN = NO;
				GCC_WARN_64_TO_32_BIT_CONVERSION = YES;
				GCC_WARN_ABOUT_RETURN_TYPE = YES_ERROR;
				GCC_WARN_UNDECLARED_SELECTOR = YES;
				GCC_WARN_UNINITIALIZED_AUTOS = YES_AGGRESSIVE;
				GCC_WARN_UNUSED_FUNCTION = YES;
				GCC_WARN_UNUSED_VARIABLE = YES;
				IPHONEOS_DEPLOYMENT_TARGET = 8.2;
				MTL_ENABLE_DEBUG_INFO = YES;
				ONLY_ACTIVE_ARCH = YES;
				SDKROOT = iphoneos;
			};
			name = Debug;
		};
		54590D9D2BBC5A757A10A9C6 /* Release */ = {
			isa = XCBuildConfiguration;
			buildSettings = {
				ASSETCATALOG_COMPILER_APPICON_NAME = AppIcon;
				CODE_SIGN_IDENTITY = "iPhone Developer";
				"CODE_SIGN_IDENTITY[sdk=iphoneos*]" = "iPhone Developer";
				INFOPLIST_FILE = MetalBallsShootCollide/Info.plist;
				IPHONEOS_DEPLOYMENT_TARGET = 8.1;
				LD_RUNPATH_SEARCH_PATHS = "$(inherited) @executable_path/Frameworks";
				PRODUCT_NAME = "$(TARGET_NAME)";
				PROVISIONING_PROFILE = "";
				TARGETED_DEVICE_FAMILY = "1,2";
			};
			name = Release;
		};
/* End XCBuildConfiguration section */

/* Begin XCConfigurationList section */
		545900B7B9A43BDAD810FA1C /* Build configuration list for PBXNativeTarget "MetalBallsShootCollideTests" */ = {
			isa = XCConfigurationList;
			buildConfigurations = (
				5459084721FB5C9E3B6E08F8 /* Debug */,
				545902DAC8FFF7CD8486F6D7 /* Release */,
			);
			defaultConfigurationIsVisible = 0;
			defaultConfigurationName = Release;
		};
		545902FA86078AB4CB698541 /* Build configuration list for PBXProject "MetalBallsShootCollide" */ = {
			isa = XCConfigurationList;
			buildConfigurations = (
				54590B82D65FFE560110E5B6 /* Debug */,
				5459095D3A7E33D725A86647 /* Release */,
			);
			defaultConfigurationIsVisible = 0;
			defaultConfigurationName = Release;
		};
		54590C7E725036AF7AD38DD9 /* Build configuration list for PBXNativeTarget "MetalBallsShootCollide" */ = {
			isa = XCConfigurationList;
			buildConfigurations = (
				5459022FDF8DABC6755C3DE8 /* Debug */,
				54590D9D2BBC5A757A10A9C6 /* Release */,
			);
			defaultConfigurationIsVisible = 0;
			defaultConfigurationName = Release;
		};
/* End XCConfigurationList section */
	};
	rootObject = 545900B4F17CC09717A997AC /* Project object */;
}
